
Microsoft Visual Studio Solution File, Format Version 12.00
# Visual Studio Version 17
VisualStudioVersion = 17.10.35122.118
MinimumVisualStudioVersion = 10.0.40219.1
Project("{FAE04EC0-301F-11D3-BF4B-00C04F79EFBC}") = "NadinSoftProject", "NadinSoftProject\NadinSoftProject.csproj", "{F31190DC-72F5-4C25-BEC2-FD0C737D14F2}"
EndProject
Project("{FAE04EC0-301F-11D3-BF4B-00C04F79EFBC}") = "NadinSoft.UnitTests", "NadinSoft.UnitTests\NadinSoft.UnitTests.csproj", "{F17C144D-D756-482C-A5FB-D4B884054101}"
EndProject
Global
	GlobalSection(SolutionConfigurationPlatforms) = preSolution
		Debug|Any CPU = Debug|Any CPU
		Release|Any CPU = Release|Any CPU
	EndGlobalSection
	GlobalSection(ProjectConfigurationPlatforms) = postSolution
		{F31190DC-72F5-4C25-BEC2-FD0C737D14F2}.Debug|Any CPU.ActiveCfg = Debug|Any CPU
		{F31190DC-72F5-4C25-BEC2-FD0C737D14F2}.Debug|Any CPU.Build.0 = Debug|Any CPU
		{F31190DC-72F5-4C25-BEC2-FD0C737D14F2}.Release|Any CPU.ActiveCfg = Release|Any CPU
		{F31190DC-72F5-4C25-BEC2-FD0C737D14F2}.Release|Any CPU.Build.0 = Release|Any CPU
		{F17C144D-D756-482C-A5FB-D4B884054101}.Debug|Any CPU.ActiveCfg = Debug|Any CPU
		{F17C144D-D756-482C-A5FB-D4B884054101}.Debug|Any CPU.Build.0 = Debug|Any CPU
		{F17C144D-D756-482C-A5FB-D4B884054101}.Release|Any CPU.ActiveCfg = Release|Any CPU
		{F17C144D-D756-482C-A5FB-D4B884054101}.Release|Any CPU.Build.0 = Release|Any CPU
	EndGlobalSection
	GlobalSection(SolutionProperties) = preSolution
		HideSolutionNode = FALSE
	EndGlobalSection
	GlobalSection(ExtensibilityGlobals) = postSolution
		SolutionGuid = {1C102829-17F3-49EB-9EBF-07C9E896B078}
	EndGlobalSection
EndGlobal
